// !$*UTF8*$!
{
	archiveVersion = 1;
	classes = {
	};
	objectVersion = 51;
	objects = {

/* Begin PBXBuildFile section */
		1004F31426DE40310006CF78 /* AppDelegate.swift in Sources */ = {isa = PBXBuildFile; fileRef = 1004F31326DE40310006CF78 /* AppDelegate.swift */; };
		1004F31626DE40310006CF78 /* SceneDelegate.swift in Sources */ = {isa = PBXBuildFile; fileRef = 1004F31526DE40310006CF78 /* SceneDelegate.swift */; };
		1004F31D26DE40320006CF78 /* Assets.xcassets in Resources */ = {isa = PBXBuildFile; fileRef = 1004F31C26DE40320006CF78 /* Assets.xcassets */; };
		1004F32026DE40320006CF78 /* LaunchScreen.storyboard in Resources */ = {isa = PBXBuildFile; fileRef = 1004F31E26DE40320006CF78 /* LaunchScreen.storyboard */; };
		1004F32B26DE40320006CF78 /* RippleQueriesTests.swift in Sources */ = {isa = PBXBuildFile; fileRef = 1004F32A26DE40320006CF78 /* RippleQueriesTests.swift */; };
		1004F33626DE40320006CF78 /* RippleQueriesUITests.swift in Sources */ = {isa = PBXBuildFile; fileRef = 1004F33526DE40320006CF78 /* RippleQueriesUITests.swift */; };
		10DFC17626DE58A000FA5D9B /* ReachabilityManager.swift in Sources */ = {isa = PBXBuildFile; fileRef = 10DFC17526DE58A000FA5D9B /* ReachabilityManager.swift */; };
		10DFC17826DE58AD00FA5D9B /* NavigationManager.swift in Sources */ = {isa = PBXBuildFile; fileRef = 10DFC17726DE58AD00FA5D9B /* NavigationManager.swift */; };
		10DFC17A26DE58E100FA5D9B /* Storyboarded.swift in Sources */ = {isa = PBXBuildFile; fileRef = 10DFC17926DE58E100FA5D9B /* Storyboarded.swift */; };
		10DFC17C26DE590100FA5D9B /* Constants.swift in Sources */ = {isa = PBXBuildFile; fileRef = 10DFC17B26DE590100FA5D9B /* Constants.swift */; };
		10DFC17E26DE594900FA5D9B /* Result.swift in Sources */ = {isa = PBXBuildFile; fileRef = 10DFC17D26DE594900FA5D9B /* Result.swift */; };
		10DFC18026DE595A00FA5D9B /* BaseViewController.swift in Sources */ = {isa = PBXBuildFile; fileRef = 10DFC17F26DE595A00FA5D9B /* BaseViewController.swift */; };
		10DFC18526DE5A6A00FA5D9B /* Repository.swift in Sources */ = {isa = PBXBuildFile; fileRef = 10DFC18426DE5A6A00FA5D9B /* Repository.swift */; };
		10DFC18B26DE5D2500FA5D9B /* NetworkConstants.swift in Sources */ = {isa = PBXBuildFile; fileRef = 10DFC18A26DE5D2500FA5D9B /* NetworkConstants.swift */; };
		10DFC19026DE5E3300FA5D9B /* BaseAPI.swift in Sources */ = {isa = PBXBuildFile; fileRef = 10DFC18F26DE5E3300FA5D9B /* BaseAPI.swift */; };
		10DFC19226DE5E8400FA5D9B /* RepositoriesAPI.swift in Sources */ = {isa = PBXBuildFile; fileRef = 10DFC19126DE5E8400FA5D9B /* RepositoriesAPI.swift */; };
		10DFC19426DE5F6700FA5D9B /* BaseRouter.swift in Sources */ = {isa = PBXBuildFile; fileRef = 10DFC19326DE5F6700FA5D9B /* BaseRouter.swift */; };
		10DFC19626DE5F8E00FA5D9B /* RepositoriesRouter.swift in Sources */ = {isa = PBXBuildFile; fileRef = 10DFC19526DE5F8D00FA5D9B /* RepositoriesRouter.swift */; };
		10DFC19B26DE61C900FA5D9B /* SearchRepositoriesViewModel.swift in Sources */ = {isa = PBXBuildFile; fileRef = 10DFC19A26DE61C900FA5D9B /* SearchRepositoriesViewModel.swift */; };
		10DFC19D26DE621E00FA5D9B /* SearchRepositoriesUseCase.swift in Sources */ = {isa = PBXBuildFile; fileRef = 10DFC19C26DE621E00FA5D9B /* SearchRepositoriesUseCase.swift */; };
		10DFC19F26DE625C00FA5D9B /* SearchRepositoriesRepository.swift in Sources */ = {isa = PBXBuildFile; fileRef = 10DFC19E26DE625C00FA5D9B /* SearchRepositoriesRepository.swift */; };
		10DFC1A126DE674500FA5D9B /* Repositories.storyboard in Resources */ = {isa = PBXBuildFile; fileRef = 10DFC1A026DE674500FA5D9B /* Repositories.storyboard */; };
		10DFC1A326DE679B00FA5D9B /* SearchRepositoriesViewController.swift in Sources */ = {isa = PBXBuildFile; fileRef = 10DFC1A226DE679B00FA5D9B /* SearchRepositoriesViewController.swift */; };
		10DFC1A526DE681600FA5D9B /* SearchTextField.swift in Sources */ = {isa = PBXBuildFile; fileRef = 10DFC1A426DE681600FA5D9B /* SearchTextField.swift */; };
		10DFC1A726DE682600FA5D9B /* SearchTextField.xib in Resources */ = {isa = PBXBuildFile; fileRef = 10DFC1A626DE682600FA5D9B /* SearchTextField.xib */; };
		10DFC1A926DE685D00FA5D9B /* UIView.swift in Sources */ = {isa = PBXBuildFile; fileRef = 10DFC1A826DE685D00FA5D9B /* UIView.swift */; };
		10DFC1AB26DE77FA00FA5D9B /* UIViewController.swift in Sources */ = {isa = PBXBuildFile; fileRef = 10DFC1AA26DE77FA00FA5D9B /* UIViewController.swift */; };
		4786332EFB151866FD126D35 /* Pods_RippleRepositoriesTests.framework in Frameworks */ = {isa = PBXBuildFile; fileRef = 59BA24E25A7993E0E2758A71 /* Pods_RippleRepositoriesTests.framework */; };
		84C3E4FC409C4FC2FA430E33 /* Pods_RippleRepositories_RippleRepositoriesUITests.framework in Frameworks */ = {isa = PBXBuildFile; fileRef = 34E00C57940CC09A4F75C260 /* Pods_RippleRepositories_RippleRepositoriesUITests.framework */; };
		B8D2B6B68B798BB518A2EC5B /* Pods_RippleRepositories.framework in Frameworks */ = {isa = PBXBuildFile; fileRef = FCE89CAC8806DAA06AEAEEE9 /* Pods_RippleRepositories.framework */; };
/* End PBXBuildFile section */

/* Begin PBXContainerItemProxy section */
		1004F32726DE40320006CF78 /* PBXContainerItemProxy */ = {
			isa = PBXContainerItemProxy;
			containerPortal = 1004F30826DE40310006CF78 /* Project object */;
			proxyType = 1;
			remoteGlobalIDString = 1004F30F26DE40310006CF78;
			remoteInfo = RippleQueries;
		};
		1004F33226DE40320006CF78 /* PBXContainerItemProxy */ = {
			isa = PBXContainerItemProxy;
			containerPortal = 1004F30826DE40310006CF78 /* Project object */;
			proxyType = 1;
			remoteGlobalIDString = 1004F30F26DE40310006CF78;
			remoteInfo = RippleQueries;
		};
/* End PBXContainerItemProxy section */

/* Begin PBXFileReference section */
		1004F31026DE40310006CF78 /* RippleRepositories.app */ = {isa = PBXFileReference; explicitFileType = wrapper.application; includeInIndex = 0; path = RippleRepositories.app; sourceTree = BUILT_PRODUCTS_DIR; };
		1004F31326DE40310006CF78 /* AppDelegate.swift */ = {isa = PBXFileReference; lastKnownFileType = sourcecode.swift; path = AppDelegate.swift; sourceTree = "<group>"; };
		1004F31526DE40310006CF78 /* SceneDelegate.swift */ = {isa = PBXFileReference; lastKnownFileType = sourcecode.swift; path = SceneDelegate.swift; sourceTree = "<group>"; };
		1004F31C26DE40320006CF78 /* Assets.xcassets */ = {isa = PBXFileReference; lastKnownFileType = folder.assetcatalog; path = Assets.xcassets; sourceTree = "<group>"; };
		1004F31F26DE40320006CF78 /* Base */ = {isa = PBXFileReference; lastKnownFileType = file.storyboard; name = Base; path = Base.lproj/LaunchScreen.storyboard; sourceTree = "<group>"; };
		1004F32126DE40320006CF78 /* Info.plist */ = {isa = PBXFileReference; lastKnownFileType = text.plist.xml; path = Info.plist; sourceTree = "<group>"; };
		1004F32626DE40320006CF78 /* RippleRepositoriesTests.xctest */ = {isa = PBXFileReference; explicitFileType = wrapper.cfbundle; includeInIndex = 0; path = RippleRepositoriesTests.xctest; sourceTree = BUILT_PRODUCTS_DIR; };
		1004F32A26DE40320006CF78 /* RippleQueriesTests.swift */ = {isa = PBXFileReference; lastKnownFileType = sourcecode.swift; path = RippleQueriesTests.swift; sourceTree = "<group>"; };
		1004F32C26DE40320006CF78 /* Info.plist */ = {isa = PBXFileReference; lastKnownFileType = text.plist.xml; path = Info.plist; sourceTree = "<group>"; };
		1004F33126DE40320006CF78 /* RippleRepositoriesUITests.xctest */ = {isa = PBXFileReference; explicitFileType = wrapper.cfbundle; includeInIndex = 0; path = RippleRepositoriesUITests.xctest; sourceTree = BUILT_PRODUCTS_DIR; };
		1004F33526DE40320006CF78 /* RippleQueriesUITests.swift */ = {isa = PBXFileReference; lastKnownFileType = sourcecode.swift; path = RippleQueriesUITests.swift; sourceTree = "<group>"; };
		1004F33726DE40320006CF78 /* Info.plist */ = {isa = PBXFileReference; lastKnownFileType = text.plist.xml; path = Info.plist; sourceTree = "<group>"; };
		10DFC17526DE58A000FA5D9B /* ReachabilityManager.swift */ = {isa = PBXFileReference; lastKnownFileType = sourcecode.swift; path = ReachabilityManager.swift; sourceTree = "<group>"; };
		10DFC17726DE58AD00FA5D9B /* NavigationManager.swift */ = {isa = PBXFileReference; lastKnownFileType = sourcecode.swift; path = NavigationManager.swift; sourceTree = "<group>"; };
		10DFC17926DE58E100FA5D9B /* Storyboarded.swift */ = {isa = PBXFileReference; lastKnownFileType = sourcecode.swift; path = Storyboarded.swift; sourceTree = "<group>"; };
		10DFC17B26DE590100FA5D9B /* Constants.swift */ = {isa = PBXFileReference; lastKnownFileType = sourcecode.swift; path = Constants.swift; sourceTree = "<group>"; };
		10DFC17D26DE594900FA5D9B /* Result.swift */ = {isa = PBXFileReference; lastKnownFileType = sourcecode.swift; path = Result.swift; sourceTree = "<group>"; };
		10DFC17F26DE595A00FA5D9B /* BaseViewController.swift */ = {isa = PBXFileReference; lastKnownFileType = sourcecode.swift; path = BaseViewController.swift; sourceTree = "<group>"; };
		10DFC18426DE5A6A00FA5D9B /* Repository.swift */ = {isa = PBXFileReference; lastKnownFileType = sourcecode.swift; path = Repository.swift; sourceTree = "<group>"; };
		10DFC18A26DE5D2500FA5D9B /* NetworkConstants.swift */ = {isa = PBXFileReference; lastKnownFileType = sourcecode.swift; path = NetworkConstants.swift; sourceTree = "<group>"; };
		10DFC18F26DE5E3300FA5D9B /* BaseAPI.swift */ = {isa = PBXFileReference; lastKnownFileType = sourcecode.swift; path = BaseAPI.swift; sourceTree = "<group>"; };
		10DFC19126DE5E8400FA5D9B /* RepositoriesAPI.swift */ = {isa = PBXFileReference; lastKnownFileType = sourcecode.swift; path = RepositoriesAPI.swift; sourceTree = "<group>"; };
		10DFC19326DE5F6700FA5D9B /* BaseRouter.swift */ = {isa = PBXFileReference; lastKnownFileType = sourcecode.swift; path = BaseRouter.swift; sourceTree = "<group>"; };
		10DFC19526DE5F8D00FA5D9B /* RepositoriesRouter.swift */ = {isa = PBXFileReference; lastKnownFileType = sourcecode.swift; path = RepositoriesRouter.swift; sourceTree = "<group>"; };
		10DFC19A26DE61C900FA5D9B /* SearchRepositoriesViewModel.swift */ = {isa = PBXFileReference; lastKnownFileType = sourcecode.swift; path = SearchRepositoriesViewModel.swift; sourceTree = "<group>"; };
		10DFC19C26DE621E00FA5D9B /* SearchRepositoriesUseCase.swift */ = {isa = PBXFileReference; lastKnownFileType = sourcecode.swift; path = SearchRepositoriesUseCase.swift; sourceTree = "<group>"; };
		10DFC19E26DE625C00FA5D9B /* SearchRepositoriesRepository.swift */ = {isa = PBXFileReference; lastKnownFileType = sourcecode.swift; path = SearchRepositoriesRepository.swift; sourceTree = "<group>"; };
		10DFC1A026DE674500FA5D9B /* Repositories.storyboard */ = {isa = PBXFileReference; lastKnownFileType = file.storyboard; path = Repositories.storyboard; sourceTree = "<group>"; };
		10DFC1A226DE679B00FA5D9B /* SearchRepositoriesViewController.swift */ = {isa = PBXFileReference; lastKnownFileType = sourcecode.swift; path = SearchRepositoriesViewController.swift; sourceTree = "<group>"; };
		10DFC1A426DE681600FA5D9B /* SearchTextField.swift */ = {isa = PBXFileReference; lastKnownFileType = sourcecode.swift; path = SearchTextField.swift; sourceTree = "<group>"; };
		10DFC1A626DE682600FA5D9B /* SearchTextField.xib */ = {isa = PBXFileReference; fileEncoding = 4; lastKnownFileType = file.xib; path = SearchTextField.xib; sourceTree = "<group>"; };
		10DFC1A826DE685D00FA5D9B /* UIView.swift */ = {isa = PBXFileReference; lastKnownFileType = sourcecode.swift; path = UIView.swift; sourceTree = "<group>"; };
		10DFC1AA26DE77FA00FA5D9B /* UIViewController.swift */ = {isa = PBXFileReference; lastKnownFileType = sourcecode.swift; path = UIViewController.swift; sourceTree = "<group>"; };
		28C777DED6FE4D1A7C71A8C3 /* Pods-RippleRepositories.release.xcconfig */ = {isa = PBXFileReference; includeInIndex = 1; lastKnownFileType = text.xcconfig; name = "Pods-RippleRepositories.release.xcconfig"; path = "Target Support Files/Pods-RippleRepositories/Pods-RippleRepositories.release.xcconfig"; sourceTree = "<group>"; };
		34E00C57940CC09A4F75C260 /* Pods_RippleRepositories_RippleRepositoriesUITests.framework */ = {isa = PBXFileReference; explicitFileType = wrapper.framework; includeInIndex = 0; path = Pods_RippleRepositories_RippleRepositoriesUITests.framework; sourceTree = BUILT_PRODUCTS_DIR; };
		35C582B12AEF9B67C55B783E /* Pods-RippleRepositoriesTests.debug.xcconfig */ = {isa = PBXFileReference; includeInIndex = 1; lastKnownFileType = text.xcconfig; name = "Pods-RippleRepositoriesTests.debug.xcconfig"; path = "Target Support Files/Pods-RippleRepositoriesTests/Pods-RippleRepositoriesTests.debug.xcconfig"; sourceTree = "<group>"; };
		4A8683A901015E388B6E1605 /* Pods-RippleQueries-RippleQueriesUITests.debug.xcconfig */ = {isa = PBXFileReference; includeInIndex = 1; lastKnownFileType = text.xcconfig; name = "Pods-RippleQueries-RippleQueriesUITests.debug.xcconfig"; path = "Target Support Files/Pods-RippleQueries-RippleQueriesUITests/Pods-RippleQueries-RippleQueriesUITests.debug.xcconfig"; sourceTree = "<group>"; };
		56C3B6E69357DE29904E2791 /* Pods-RippleQueries-RippleQueriesUITests.release.xcconfig */ = {isa = PBXFileReference; includeInIndex = 1; lastKnownFileType = text.xcconfig; name = "Pods-RippleQueries-RippleQueriesUITests.release.xcconfig"; path = "Target Support Files/Pods-RippleQueries-RippleQueriesUITests/Pods-RippleQueries-RippleQueriesUITests.release.xcconfig"; sourceTree = "<group>"; };
		59BA24E25A7993E0E2758A71 /* Pods_RippleRepositoriesTests.framework */ = {isa = PBXFileReference; explicitFileType = wrapper.framework; includeInIndex = 0; path = Pods_RippleRepositoriesTests.framework; sourceTree = BUILT_PRODUCTS_DIR; };
		59BC1FCE73BEF5A0CB5AE350 /* Pods-RippleQueriesTests.release.xcconfig */ = {isa = PBXFileReference; includeInIndex = 1; lastKnownFileType = text.xcconfig; name = "Pods-RippleQueriesTests.release.xcconfig"; path = "Target Support Files/Pods-RippleQueriesTests/Pods-RippleQueriesTests.release.xcconfig"; sourceTree = "<group>"; };
		5EFC886856CE021CF02A90C8 /* Pods-RippleRepositories-RippleRepositoriesUITests.release.xcconfig */ = {isa = PBXFileReference; includeInIndex = 1; lastKnownFileType = text.xcconfig; name = "Pods-RippleRepositories-RippleRepositoriesUITests.release.xcconfig"; path = "Target Support Files/Pods-RippleRepositories-RippleRepositoriesUITests/Pods-RippleRepositories-RippleRepositoriesUITests.release.xcconfig"; sourceTree = "<group>"; };
		7681E8CD8D95677676B035BB /* Pods-RippleRepositories-RippleRepositoriesUITests.debug.xcconfig */ = {isa = PBXFileReference; includeInIndex = 1; lastKnownFileType = text.xcconfig; name = "Pods-RippleRepositories-RippleRepositoriesUITests.debug.xcconfig"; path = "Target Support Files/Pods-RippleRepositories-RippleRepositoriesUITests/Pods-RippleRepositories-RippleRepositoriesUITests.debug.xcconfig"; sourceTree = "<group>"; };
		8AF9CB9FF203BE8D27FDCD78 /* Pods-RippleRepositories.debug.xcconfig */ = {isa = PBXFileReference; includeInIndex = 1; lastKnownFileType = text.xcconfig; name = "Pods-RippleRepositories.debug.xcconfig"; path = "Target Support Files/Pods-RippleRepositories/Pods-RippleRepositories.debug.xcconfig"; sourceTree = "<group>"; };
		957526B294C68BAD3A9D27D8 /* Pods-RippleQueriesTests.debug.xcconfig */ = {isa = PBXFileReference; includeInIndex = 1; lastKnownFileType = text.xcconfig; name = "Pods-RippleQueriesTests.debug.xcconfig"; path = "Target Support Files/Pods-RippleQueriesTests/Pods-RippleQueriesTests.debug.xcconfig"; sourceTree = "<group>"; };
		BE589420EDBEFAC6535281AC /* Pods-RippleQueries.release.xcconfig */ = {isa = PBXFileReference; includeInIndex = 1; lastKnownFileType = text.xcconfig; name = "Pods-RippleQueries.release.xcconfig"; path = "Target Support Files/Pods-RippleQueries/Pods-RippleQueries.release.xcconfig"; sourceTree = "<group>"; };
		D243A1E44B0E3212C92AF705 /* Pods-RippleRepositoriesTests.release.xcconfig */ = {isa = PBXFileReference; includeInIndex = 1; lastKnownFileType = text.xcconfig; name = "Pods-RippleRepositoriesTests.release.xcconfig"; path = "Target Support Files/Pods-RippleRepositoriesTests/Pods-RippleRepositoriesTests.release.xcconfig"; sourceTree = "<group>"; };
		E22C5517E98D0E597AD536B7 /* Pods-RippleQueries.debug.xcconfig */ = {isa = PBXFileReference; includeInIndex = 1; lastKnownFileType = text.xcconfig; name = "Pods-RippleQueries.debug.xcconfig"; path = "Target Support Files/Pods-RippleQueries/Pods-RippleQueries.debug.xcconfig"; sourceTree = "<group>"; };
		FCE89CAC8806DAA06AEAEEE9 /* Pods_RippleRepositories.framework */ = {isa = PBXFileReference; explicitFileType = wrapper.framework; includeInIndex = 0; path = Pods_RippleRepositories.framework; sourceTree = BUILT_PRODUCTS_DIR; };
/* End PBXFileReference section */

/* Begin PBXFrameworksBuildPhase section */
		1004F30D26DE40310006CF78 /* Frameworks */ = {
			isa = PBXFrameworksBuildPhase;
			buildActionMask = 2147483647;
			files = (
				B8D2B6B68B798BB518A2EC5B /* Pods_RippleRepositories.framework in Frameworks */,
			);
			runOnlyForDeploymentPostprocessing = 0;
		};
		1004F32326DE40320006CF78 /* Frameworks */ = {
			isa = PBXFrameworksBuildPhase;
			buildActionMask = 2147483647;
			files = (
				4786332EFB151866FD126D35 /* Pods_RippleRepositoriesTests.framework in Frameworks */,
			);
			runOnlyForDeploymentPostprocessing = 0;
		};
		1004F32E26DE40320006CF78 /* Frameworks */ = {
			isa = PBXFrameworksBuildPhase;
			buildActionMask = 2147483647;
			files = (
				84C3E4FC409C4FC2FA430E33 /* Pods_RippleRepositories_RippleRepositoriesUITests.framework in Frameworks */,
			);
			runOnlyForDeploymentPostprocessing = 0;
		};
/* End PBXFrameworksBuildPhase section */

/* Begin PBXGroup section */
		097E466D69D8E58AEB38BE0D /* Frameworks */ = {
			isa = PBXGroup;
			children = (
				FCE89CAC8806DAA06AEAEEE9 /* Pods_RippleRepositories.framework */,
				34E00C57940CC09A4F75C260 /* Pods_RippleRepositories_RippleRepositoriesUITests.framework */,
				59BA24E25A7993E0E2758A71 /* Pods_RippleRepositoriesTests.framework */,
			);
			name = Frameworks;
			sourceTree = "<group>";
		};
		1004F30726DE40310006CF78 = {
			isa = PBXGroup;
			children = (
				1004F31226DE40310006CF78 /* RippleRepositories */,
				1004F32926DE40320006CF78 /* RippleRepositoriesTests */,
				1004F33426DE40320006CF78 /* RippleRepositoriesUITests */,
				1004F31126DE40310006CF78 /* Products */,
				47CBBB5EE74734C3586E0EA6 /* Pods */,
				097E466D69D8E58AEB38BE0D /* Frameworks */,
			);
			sourceTree = "<group>";
		};
		1004F31126DE40310006CF78 /* Products */ = {
			isa = PBXGroup;
			children = (
				1004F31026DE40310006CF78 /* RippleRepositories.app */,
				1004F32626DE40320006CF78 /* RippleRepositoriesTests.xctest */,
				1004F33126DE40320006CF78 /* RippleRepositoriesUITests.xctest */,
			);
			name = Products;
			sourceTree = "<group>";
		};
		1004F31226DE40310006CF78 /* RippleRepositories */ = {
			isa = PBXGroup;
			children = (
				10DFC16B26DE579900FA5D9B /* Delegates */,
				10DFC16D26DE57BA00FA5D9B /* Storyboards */,
				10DFC17026DE586700FA5D9B /* Global */,
				10DFC18126DE59CF00FA5D9B /* Domain */,
				10DFC18626DE5CE100FA5D9B /* Data */,
				10DFC19726DE619300FA5D9B /* Modules */,
				10DFC16C26DE57AE00FA5D9B /* Resources */,
				10DFC16E26DE57C600FA5D9B /* Supporting Files */,
			);
			path = RippleRepositories;
			sourceTree = "<group>";
		};
		1004F32926DE40320006CF78 /* RippleRepositoriesTests */ = {
			isa = PBXGroup;
			children = (
				1004F32A26DE40320006CF78 /* RippleQueriesTests.swift */,
				1004F32C26DE40320006CF78 /* Info.plist */,
			);
			path = RippleRepositoriesTests;
			sourceTree = "<group>";
		};
		1004F33426DE40320006CF78 /* RippleRepositoriesUITests */ = {
			isa = PBXGroup;
			children = (
				1004F33526DE40320006CF78 /* RippleQueriesUITests.swift */,
				1004F33726DE40320006CF78 /* Info.plist */,
			);
			path = RippleRepositoriesUITests;
			sourceTree = "<group>";
		};
		10DFC16B26DE579900FA5D9B /* Delegates */ = {
			isa = PBXGroup;
			children = (
				1004F31326DE40310006CF78 /* AppDelegate.swift */,
				1004F31526DE40310006CF78 /* SceneDelegate.swift */,
			);
			path = Delegates;
			sourceTree = "<group>";
		};
		10DFC16C26DE57AE00FA5D9B /* Resources */ = {
			isa = PBXGroup;
			children = (
				1004F31C26DE40320006CF78 /* Assets.xcassets */,
			);
			path = Resources;
			sourceTree = "<group>";
		};
		10DFC16D26DE57BA00FA5D9B /* Storyboards */ = {
			isa = PBXGroup;
			children = (
				1004F31E26DE40320006CF78 /* LaunchScreen.storyboard */,
				10DFC1A026DE674500FA5D9B /* Repositories.storyboard */,
			);
			path = Storyboards;
			sourceTree = "<group>";
		};
		10DFC16E26DE57C600FA5D9B /* Supporting Files */ = {
			isa = PBXGroup;
			children = (
				1004F32126DE40320006CF78 /* Info.plist */,
			);
			path = "Supporting Files";
			sourceTree = "<group>";
		};
		10DFC17026DE586700FA5D9B /* Global */ = {
			isa = PBXGroup;
			children = (
				10DFC17426DE589300FA5D9B /* Xibs */,
				10DFC17326DE588B00FA5D9B /* Managers */,
				10DFC17226DE588300FA5D9B /* Extensions */,
				10DFC17126DE587C00FA5D9B /* Protocols */,
				10DFC17B26DE590100FA5D9B /* Constants.swift */,
				10DFC17D26DE594900FA5D9B /* Result.swift */,
				10DFC17F26DE595A00FA5D9B /* BaseViewController.swift */,
			);
			path = Global;
			sourceTree = "<group>";
		};
		10DFC17126DE587C00FA5D9B /* Protocols */ = {
			isa = PBXGroup;
			children = (
				10DFC17926DE58E100FA5D9B /* Storyboarded.swift */,
			);
			path = Protocols;
			sourceTree = "<group>";
		};
		10DFC17226DE588300FA5D9B /* Extensions */ = {
			isa = PBXGroup;
			children = (
				10DFC1A826DE685D00FA5D9B /* UIView.swift */,
				10DFC1AA26DE77FA00FA5D9B /* UIViewController.swift */,
			);
			path = Extensions;
			sourceTree = "<group>";
		};
		10DFC17326DE588B00FA5D9B /* Managers */ = {
			isa = PBXGroup;
			children = (
				10DFC17526DE58A000FA5D9B /* ReachabilityManager.swift */,
				10DFC17726DE58AD00FA5D9B /* NavigationManager.swift */,
			);
			path = Managers;
			sourceTree = "<group>";
		};
		10DFC17426DE589300FA5D9B /* Xibs */ = {
			isa = PBXGroup;
			children = (
				10DFC1A426DE681600FA5D9B /* SearchTextField.swift */,
				10DFC1A626DE682600FA5D9B /* SearchTextField.xib */,
			);
			path = Xibs;
			sourceTree = "<group>";
		};
		10DFC18126DE59CF00FA5D9B /* Domain */ = {
			isa = PBXGroup;
			children = (
				10DFC18326DE59E400FA5D9B /* Entities */,
				10DFC18226DE59DD00FA5D9B /* UseCases */,
			);
			path = Domain;
			sourceTree = "<group>";
		};
		10DFC18226DE59DD00FA5D9B /* UseCases */ = {
			isa = PBXGroup;
			children = (
				10DFC19C26DE621E00FA5D9B /* SearchRepositoriesUseCase.swift */,
			);
			path = UseCases;
			sourceTree = "<group>";
		};
		10DFC18326DE59E400FA5D9B /* Entities */ = {
			isa = PBXGroup;
			children = (
				10DFC18426DE5A6A00FA5D9B /* Repository.swift */,
			);
			path = Entities;
			sourceTree = "<group>";
		};
		10DFC18626DE5CE100FA5D9B /* Data */ = {
			isa = PBXGroup;
			children = (
				10DFC18926DE5D0D00FA5D9B /* Repositories */,
				10DFC18826DE5D0600FA5D9B /* Network */,
				10DFC18726DE5CFF00FA5D9B /* PersistantStorage */,
			);
			path = Data;
			sourceTree = "<group>";
		};
		10DFC18726DE5CFF00FA5D9B /* PersistantStorage */ = {
			isa = PBXGroup;
			children = (
			);
			path = PersistantStorage;
			sourceTree = "<group>";
		};
		10DFC18826DE5D0600FA5D9B /* Network */ = {
			isa = PBXGroup;
			children = (
				10DFC18E26DE5E2600FA5D9B /* APIs */,
				10DFC18D26DE5E1E00FA5D9B /* Routers */,
				10DFC18C26DE5E1000FA5D9B /* DataMapping */,
				10DFC18A26DE5D2500FA5D9B /* NetworkConstants.swift */,
			);
			path = Network;
			sourceTree = "<group>";
		};
		10DFC18926DE5D0D00FA5D9B /* Repositories */ = {
			isa = PBXGroup;
			children = (
				10DFC19E26DE625C00FA5D9B /* SearchRepositoriesRepository.swift */,
			);
			path = Repositories;
			sourceTree = "<group>";
		};
		10DFC18C26DE5E1000FA5D9B /* DataMapping */ = {
			isa = PBXGroup;
			children = (
			);
			path = DataMapping;
			sourceTree = "<group>";
		};
		10DFC18D26DE5E1E00FA5D9B /* Routers */ = {
			isa = PBXGroup;
			children = (
				10DFC19526DE5F8D00FA5D9B /* RepositoriesRouter.swift */,
				10DFC19326DE5F6700FA5D9B /* BaseRouter.swift */,
			);
			path = Routers;
			sourceTree = "<group>";
		};
		10DFC18E26DE5E2600FA5D9B /* APIs */ = {
			isa = PBXGroup;
			children = (
				10DFC19126DE5E8400FA5D9B /* RepositoriesAPI.swift */,
				10DFC18F26DE5E3300FA5D9B /* BaseAPI.swift */,
			);
			path = APIs;
			sourceTree = "<group>";
		};
		10DFC19726DE619300FA5D9B /* Modules */ = {
			isa = PBXGroup;
			children = (
				10DFC19826DE61A100FA5D9B /* Repositories */,
			);
			path = Modules;
			sourceTree = "<group>";
		};
		10DFC19826DE61A100FA5D9B /* Repositories */ = {
			isa = PBXGroup;
			children = (
				10DFC19926DE61AE00FA5D9B /* SearchRepositories */,
			);
			path = Repositories;
			sourceTree = "<group>";
		};
		10DFC19926DE61AE00FA5D9B /* SearchRepositories */ = {
			isa = PBXGroup;
			children = (
				10DFC19A26DE61C900FA5D9B /* SearchRepositoriesViewModel.swift */,
				10DFC1A226DE679B00FA5D9B /* SearchRepositoriesViewController.swift */,
			);
			path = SearchRepositories;
			sourceTree = "<group>";
		};
		47CBBB5EE74734C3586E0EA6 /* Pods */ = {
			isa = PBXGroup;
			children = (
				E22C5517E98D0E597AD536B7 /* Pods-RippleQueries.debug.xcconfig */,
				BE589420EDBEFAC6535281AC /* Pods-RippleQueries.release.xcconfig */,
				4A8683A901015E388B6E1605 /* Pods-RippleQueries-RippleQueriesUITests.debug.xcconfig */,
				56C3B6E69357DE29904E2791 /* Pods-RippleQueries-RippleQueriesUITests.release.xcconfig */,
				957526B294C68BAD3A9D27D8 /* Pods-RippleQueriesTests.debug.xcconfig */,
				59BC1FCE73BEF5A0CB5AE350 /* Pods-RippleQueriesTests.release.xcconfig */,
				8AF9CB9FF203BE8D27FDCD78 /* Pods-RippleRepositories.debug.xcconfig */,
				28C777DED6FE4D1A7C71A8C3 /* Pods-RippleRepositories.release.xcconfig */,
				7681E8CD8D95677676B035BB /* Pods-RippleRepositories-RippleRepositoriesUITests.debug.xcconfig */,
				5EFC886856CE021CF02A90C8 /* Pods-RippleRepositories-RippleRepositoriesUITests.release.xcconfig */,
				35C582B12AEF9B67C55B783E /* Pods-RippleRepositoriesTests.debug.xcconfig */,
				D243A1E44B0E3212C92AF705 /* Pods-RippleRepositoriesTests.release.xcconfig */,
			);
			path = Pods;
			sourceTree = "<group>";
		};
/* End PBXGroup section */

/* Begin PBXNativeTarget section */
		1004F30F26DE40310006CF78 /* RippleRepositories */ = {
			isa = PBXNativeTarget;
			buildConfigurationList = 1004F33A26DE40320006CF78 /* Build configuration list for PBXNativeTarget "RippleRepositories" */;
			buildPhases = (
				D17C2CCB33DB03FC7307882F /* [CP] Check Pods Manifest.lock */,
				1004F30C26DE40310006CF78 /* Sources */,
				1004F30D26DE40310006CF78 /* Frameworks */,
				1004F30E26DE40310006CF78 /* Resources */,
				FF22EFB34B2C4392F922186F /* [CP] Embed Pods Frameworks */,
			);
			buildRules = (
			);
			dependencies = (
			);
			name = RippleRepositories;
			productName = RippleQueries;
			productReference = 1004F31026DE40310006CF78 /* RippleRepositories.app */;
			productType = "com.apple.product-type.application";
		};
		1004F32526DE40320006CF78 /* RippleRepositoriesTests */ = {
			isa = PBXNativeTarget;
			buildConfigurationList = 1004F33D26DE40320006CF78 /* Build configuration list for PBXNativeTarget "RippleRepositoriesTests" */;
			buildPhases = (
				D82766D952DB427750A48BC3 /* [CP] Check Pods Manifest.lock */,
				1004F32226DE40320006CF78 /* Sources */,
				1004F32326DE40320006CF78 /* Frameworks */,
				1004F32426DE40320006CF78 /* Resources */,
			);
			buildRules = (
			);
			dependencies = (
				1004F32826DE40320006CF78 /* PBXTargetDependency */,
			);
			name = RippleRepositoriesTests;
			productName = RippleQueriesTests;
			productReference = 1004F32626DE40320006CF78 /* RippleRepositoriesTests.xctest */;
			productType = "com.apple.product-type.bundle.unit-test";
		};
		1004F33026DE40320006CF78 /* RippleRepositoriesUITests */ = {
			isa = PBXNativeTarget;
			buildConfigurationList = 1004F34026DE40320006CF78 /* Build configuration list for PBXNativeTarget "RippleRepositoriesUITests" */;
			buildPhases = (
				C81C4E4017D958C90EA4A0AC /* [CP] Check Pods Manifest.lock */,
				1004F32D26DE40320006CF78 /* Sources */,
				1004F32E26DE40320006CF78 /* Frameworks */,
				1004F32F26DE40320006CF78 /* Resources */,
				FDCB3270A754FCCECF5A9438 /* [CP] Embed Pods Frameworks */,
			);
			buildRules = (
			);
			dependencies = (
				1004F33326DE40320006CF78 /* PBXTargetDependency */,
			);
			name = RippleRepositoriesUITests;
			productName = RippleQueriesUITests;
			productReference = 1004F33126DE40320006CF78 /* RippleRepositoriesUITests.xctest */;
			productType = "com.apple.product-type.bundle.ui-testing";
		};
/* End PBXNativeTarget section */

/* Begin PBXProject section */
		1004F30826DE40310006CF78 /* Project object */ = {
			isa = PBXProject;
			attributes = {
				LastSwiftUpdateCheck = 1250;
				LastUpgradeCheck = 1250;
				TargetAttributes = {
					1004F30F26DE40310006CF78 = {
						CreatedOnToolsVersion = 12.5.1;
					};
					1004F32526DE40320006CF78 = {
						CreatedOnToolsVersion = 12.5.1;
						TestTargetID = 1004F30F26DE40310006CF78;
					};
					1004F33026DE40320006CF78 = {
						CreatedOnToolsVersion = 12.5.1;
						TestTargetID = 1004F30F26DE40310006CF78;
					};
				};
			};
			buildConfigurationList = 1004F30B26DE40310006CF78 /* Build configuration list for PBXProject "RippleRepositories" */;
			compatibilityVersion = "Xcode 9.3";
			developmentRegion = en;
			hasScannedForEncodings = 0;
			knownRegions = (
				en,
				Base,
			);
			mainGroup = 1004F30726DE40310006CF78;
			productRefGroup = 1004F31126DE40310006CF78 /* Products */;
			projectDirPath = "";
			projectRoot = "";
			targets = (
				1004F30F26DE40310006CF78 /* RippleRepositories */,
				1004F32526DE40320006CF78 /* RippleRepositoriesTests */,
				1004F33026DE40320006CF78 /* RippleRepositoriesUITests */,
			);
		};
/* End PBXProject section */

/* Begin PBXResourcesBuildPhase section */
		1004F30E26DE40310006CF78 /* Resources */ = {
			isa = PBXResourcesBuildPhase;
			buildActionMask = 2147483647;
			files = (
				1004F32026DE40320006CF78 /* LaunchScreen.storyboard in Resources */,
				1004F31D26DE40320006CF78 /* Assets.xcassets in Resources */,
				10DFC1A126DE674500FA5D9B /* Repositories.storyboard in Resources */,
				10DFC1A726DE682600FA5D9B /* SearchTextField.xib in Resources */,
			);
			runOnlyForDeploymentPostprocessing = 0;
		};
		1004F32426DE40320006CF78 /* Resources */ = {
			isa = PBXResourcesBuildPhase;
			buildActionMask = 2147483647;
			files = (
			);
			runOnlyForDeploymentPostprocessing = 0;
		};
		1004F32F26DE40320006CF78 /* Resources */ = {
			isa = PBXResourcesBuildPhase;
			buildActionMask = 2147483647;
			files = (
			);
			runOnlyForDeploymentPostprocessing = 0;
		};
/* End PBXResourcesBuildPhase section */

/* Begin PBXShellScriptBuildPhase section */
		C81C4E4017D958C90EA4A0AC /* [CP] Check Pods Manifest.lock */ = {
			isa = PBXShellScriptBuildPhase;
			buildActionMask = 2147483647;
			files = (
			);
			inputFileListPaths = (
			);
			inputPaths = (
				"${PODS_PODFILE_DIR_PATH}/Podfile.lock",
				"${PODS_ROOT}/Manifest.lock",
			);
			name = "[CP] Check Pods Manifest.lock";
			outputFileListPaths = (
			);
			outputPaths = (
				"$(DERIVED_FILE_DIR)/Pods-RippleRepositories-RippleRepositoriesUITests-checkManifestLockResult.txt",
			);
			runOnlyForDeploymentPostprocessing = 0;
			shellPath = /bin/sh;
			shellScript = "diff \"${PODS_PODFILE_DIR_PATH}/Podfile.lock\" \"${PODS_ROOT}/Manifest.lock\" > /dev/null\nif [ $? != 0 ] ; then\n    # print error to STDERR\n    echo \"error: The sandbox is not in sync with the Podfile.lock. Run 'pod install' or update your CocoaPods installation.\" >&2\n    exit 1\nfi\n# This output is used by Xcode 'outputs' to avoid re-running this script phase.\necho \"SUCCESS\" > \"${SCRIPT_OUTPUT_FILE_0}\"\n";
			showEnvVarsInLog = 0;
		};
		D17C2CCB33DB03FC7307882F /* [CP] Check Pods Manifest.lock */ = {
			isa = PBXShellScriptBuildPhase;
			buildActionMask = 2147483647;
			files = (
			);
			inputFileListPaths = (
			);
			inputPaths = (
				"${PODS_PODFILE_DIR_PATH}/Podfile.lock",
				"${PODS_ROOT}/Manifest.lock",
			);
			name = "[CP] Check Pods Manifest.lock";
			outputFileListPaths = (
			);
			outputPaths = (
				"$(DERIVED_FILE_DIR)/Pods-RippleRepositories-checkManifestLockResult.txt",
			);
			runOnlyForDeploymentPostprocessing = 0;
			shellPath = /bin/sh;
			shellScript = "diff \"${PODS_PODFILE_DIR_PATH}/Podfile.lock\" \"${PODS_ROOT}/Manifest.lock\" > /dev/null\nif [ $? != 0 ] ; then\n    # print error to STDERR\n    echo \"error: The sandbox is not in sync with the Podfile.lock. Run 'pod install' or update your CocoaPods installation.\" >&2\n    exit 1\nfi\n# This output is used by Xcode 'outputs' to avoid re-running this script phase.\necho \"SUCCESS\" > \"${SCRIPT_OUTPUT_FILE_0}\"\n";
			showEnvVarsInLog = 0;
		};
		D82766D952DB427750A48BC3 /* [CP] Check Pods Manifest.lock */ = {
			isa = PBXShellScriptBuildPhase;
			buildActionMask = 2147483647;
			files = (
			);
			inputFileListPaths = (
			);
			inputPaths = (
				"${PODS_PODFILE_DIR_PATH}/Podfile.lock",
				"${PODS_ROOT}/Manifest.lock",
			);
			name = "[CP] Check Pods Manifest.lock";
			outputFileListPaths = (
			);
			outputPaths = (
				"$(DERIVED_FILE_DIR)/Pods-RippleRepositoriesTests-checkManifestLockResult.txt",
			);
			runOnlyForDeploymentPostprocessing = 0;
			shellPath = /bin/sh;
			shellScript = "diff \"${PODS_PODFILE_DIR_PATH}/Podfile.lock\" \"${PODS_ROOT}/Manifest.lock\" > /dev/null\nif [ $? != 0 ] ; then\n    # print error to STDERR\n    echo \"error: The sandbox is not in sync with the Podfile.lock. Run 'pod install' or update your CocoaPods installation.\" >&2\n    exit 1\nfi\n# This output is used by Xcode 'outputs' to avoid re-running this script phase.\necho \"SUCCESS\" > \"${SCRIPT_OUTPUT_FILE_0}\"\n";
			showEnvVarsInLog = 0;
		};
		FDCB3270A754FCCECF5A9438 /* [CP] Embed Pods Frameworks */ = {
			isa = PBXShellScriptBuildPhase;
			buildActionMask = 2147483647;
			files = (
			);
			inputFileListPaths = (
				"${PODS_ROOT}/Target Support Files/Pods-RippleRepositories-RippleRepositoriesUITests/Pods-RippleRepositories-RippleRepositoriesUITests-frameworks-${CONFIGURATION}-input-files.xcfilelist",
			);
			name = "[CP] Embed Pods Frameworks";
			outputFileListPaths = (
				"${PODS_ROOT}/Target Support Files/Pods-RippleRepositories-RippleRepositoriesUITests/Pods-RippleRepositories-RippleRepositoriesUITests-frameworks-${CONFIGURATION}-output-files.xcfilelist",
			);
			runOnlyForDeploymentPostprocessing = 0;
			shellPath = /bin/sh;
			shellScript = "\"${PODS_ROOT}/Target Support Files/Pods-RippleRepositories-RippleRepositoriesUITests/Pods-RippleRepositories-RippleRepositoriesUITests-frameworks.sh\"\n";
			showEnvVarsInLog = 0;
		};
		FF22EFB34B2C4392F922186F /* [CP] Embed Pods Frameworks */ = {
			isa = PBXShellScriptBuildPhase;
			buildActionMask = 2147483647;
			files = (
			);
			inputFileListPaths = (
				"${PODS_ROOT}/Target Support Files/Pods-RippleRepositories/Pods-RippleRepositories-frameworks-${CONFIGURATION}-input-files.xcfilelist",
			);
			name = "[CP] Embed Pods Frameworks";
			outputFileListPaths = (
				"${PODS_ROOT}/Target Support Files/Pods-RippleRepositories/Pods-RippleRepositories-frameworks-${CONFIGURATION}-output-files.xcfilelist",
			);
			runOnlyForDeploymentPostprocessing = 0;
			shellPath = /bin/sh;
			shellScript = "\"${PODS_ROOT}/Target Support Files/Pods-RippleRepositories/Pods-RippleRepositories-frameworks.sh\"\n";
			showEnvVarsInLog = 0;
		};
/* End PBXShellScriptBuildPhase section */

/* Begin PBXSourcesBuildPhase section */
		1004F30C26DE40310006CF78 /* Sources */ = {
			isa = PBXSourcesBuildPhase;
			buildActionMask = 2147483647;
			files = (
				10DFC1A926DE685D00FA5D9B /* UIView.swift in Sources */,
				1004F31426DE40310006CF78 /* AppDelegate.swift in Sources */,
				10DFC19D26DE621E00FA5D9B /* SearchRepositoriesUseCase.swift in Sources */,
				10DFC17826DE58AD00FA5D9B /* NavigationManager.swift in Sources */,
				10DFC19626DE5F8E00FA5D9B /* RepositoriesRouter.swift in Sources */,
				10DFC1A326DE679B00FA5D9B /* SearchRepositoriesViewController.swift in Sources */,
				10DFC18B26DE5D2500FA5D9B /* NetworkConstants.swift in Sources */,
				10DFC17A26DE58E100FA5D9B /* Storyboarded.swift in Sources */,
				10DFC19F26DE625C00FA5D9B /* SearchRepositoriesRepository.swift in Sources */,
				10DFC17626DE58A000FA5D9B /* ReachabilityManager.swift in Sources */,
				10DFC17E26DE594900FA5D9B /* Result.swift in Sources */,
				10DFC1A526DE681600FA5D9B /* SearchTextField.swift in Sources */,
				10DFC19226DE5E8400FA5D9B /* RepositoriesAPI.swift in Sources */,
				10DFC19426DE5F6700FA5D9B /* BaseRouter.swift in Sources */,
				10DFC1AB26DE77FA00FA5D9B /* UIViewController.swift in Sources */,
				10DFC19026DE5E3300FA5D9B /* BaseAPI.swift in Sources */,
				10DFC18026DE595A00FA5D9B /* BaseViewController.swift in Sources */,
				1004F31626DE40310006CF78 /* SceneDelegate.swift in Sources */,
				10DFC17C26DE590100FA5D9B /* Constants.swift in Sources */,
				10DFC19B26DE61C900FA5D9B /* SearchRepositoriesViewModel.swift in Sources */,
				10DFC18526DE5A6A00FA5D9B /* Repository.swift in Sources */,
			);
			runOnlyForDeploymentPostprocessing = 0;
		};
		1004F32226DE40320006CF78 /* Sources */ = {
			isa = PBXSourcesBuildPhase;
			buildActionMask = 2147483647;
			files = (
				1004F32B26DE40320006CF78 /* RippleQueriesTests.swift in Sources */,
			);
			runOnlyForDeploymentPostprocessing = 0;
		};
		1004F32D26DE40320006CF78 /* Sources */ = {
			isa = PBXSourcesBuildPhase;
			buildActionMask = 2147483647;
			files = (
				1004F33626DE40320006CF78 /* RippleQueriesUITests.swift in Sources */,
			);
			runOnlyForDeploymentPostprocessing = 0;
		};
/* End PBXSourcesBuildPhase section */

/* Begin PBXTargetDependency section */
		1004F32826DE40320006CF78 /* PBXTargetDependency */ = {
			isa = PBXTargetDependency;
			target = 1004F30F26DE40310006CF78 /* RippleRepositories */;
			targetProxy = 1004F32726DE40320006CF78 /* PBXContainerItemProxy */;
		};
		1004F33326DE40320006CF78 /* PBXTargetDependency */ = {
			isa = PBXTargetDependency;
			target = 1004F30F26DE40310006CF78 /* RippleRepositories */;
			targetProxy = 1004F33226DE40320006CF78 /* PBXContainerItemProxy */;
		};
/* End PBXTargetDependency section */

/* Begin PBXVariantGroup section */
		1004F31E26DE40320006CF78 /* LaunchScreen.storyboard */ = {
			isa = PBXVariantGroup;
			children = (
				1004F31F26DE40320006CF78 /* Base */,
			);
			name = LaunchScreen.storyboard;
			sourceTree = "<group>";
		};
/* End PBXVariantGroup section */

/* Begin XCBuildConfiguration section */
		1004F33826DE40320006CF78 /* Debug */ = {
			isa = XCBuildConfiguration;
			buildSettings = {
				ALWAYS_SEARCH_USER_PATHS = NO;
				CLANG_ANALYZER_NONNULL = YES;
				CLANG_ANALYZER_NUMBER_OBJECT_CONVERSION = YES_AGGRESSIVE;
				CLANG_CXX_LANGUAGE_STANDARD = "gnu++14";
				CLANG_CXX_LIBRARY = "libc++";
				CLANG_ENABLE_MODULES = YES;
				CLANG_ENABLE_OBJC_ARC = YES;
				CLANG_ENABLE_OBJC_WEAK = YES;
				CLANG_WARN_BLOCK_CAPTURE_AUTORELEASING = YES;
				CLANG_WARN_BOOL_CONVERSION = YES;
				CLANG_WARN_COMMA = YES;
				CLANG_WARN_CONSTANT_CONVERSION = YES;
				CLANG_WARN_DEPRECATED_OBJC_IMPLEMENTATIONS = YES;
				CLANG_WARN_DIRECT_OBJC_ISA_USAGE = YES_ERROR;
				CLANG_WARN_DOCUMENTATION_COMMENTS = YES;
				CLANG_WARN_EMPTY_BODY = YES;
				CLANG_WARN_ENUM_CONVERSION = YES;
				CLANG_WARN_INFINITE_RECURSION = YES;
				CLANG_WARN_INT_CONVERSION = YES;
				CLANG_WARN_NON_LITERAL_NULL_CONVERSION = YES;
				CLANG_WARN_OBJC_IMPLICIT_RETAIN_SELF = YES;
				CLANG_WARN_OBJC_LITERAL_CONVERSION = YES;
				CLANG_WARN_OBJC_ROOT_CLASS = YES_ERROR;
				CLANG_WARN_QUOTED_INCLUDE_IN_FRAMEWORK_HEADER = YES;
				CLANG_WARN_RANGE_LOOP_ANALYSIS = YES;
				CLANG_WARN_STRICT_PROTOTYPES = YES;
				CLANG_WARN_SUSPICIOUS_MOVE = YES;
				CLANG_WARN_UNGUARDED_AVAILABILITY = YES_AGGRESSIVE;
				CLANG_WARN_UNREACHABLE_CODE = YES;
				CLANG_WARN__DUPLICATE_METHOD_MATCH = YES;
				COPY_PHASE_STRIP = NO;
				DEBUG_INFORMATION_FORMAT = dwarf;
				ENABLE_STRICT_OBJC_MSGSEND = YES;
				ENABLE_TESTABILITY = YES;
				GCC_C_LANGUAGE_STANDARD = gnu11;
				GCC_DYNAMIC_NO_PIC = NO;
				GCC_NO_COMMON_BLOCKS = YES;
				GCC_OPTIMIZATION_LEVEL = 0;
				GCC_PREPROCESSOR_DEFINITIONS = (
					"DEBUG=1",
					"$(inherited)",
				);
				GCC_WARN_64_TO_32_BIT_CONVERSION = YES;
				GCC_WARN_ABOUT_RETURN_TYPE = YES_ERROR;
				GCC_WARN_UNDECLARED_SELECTOR = YES;
				GCC_WARN_UNINITIALIZED_AUTOS = YES_AGGRESSIVE;
				GCC_WARN_UNUSED_FUNCTION = YES;
				GCC_WARN_UNUSED_VARIABLE = YES;
				IPHONEOS_DEPLOYMENT_TARGET = 13.0;
				MTL_ENABLE_DEBUG_INFO = INCLUDE_SOURCE;
				MTL_FAST_MATH = YES;
				ONLY_ACTIVE_ARCH = YES;
				SDKROOT = iphoneos;
				SWIFT_ACTIVE_COMPILATION_CONDITIONS = DEBUG;
				SWIFT_OPTIMIZATION_LEVEL = "-Onone";
			};
			name = Debug;
		};
		1004F33926DE40320006CF78 /* Release */ = {
			isa = XCBuildConfiguration;
			buildSettings = {
				ALWAYS_SEARCH_USER_PATHS = NO;
				CLANG_ANALYZER_NONNULL = YES;
				CLANG_ANALYZER_NUMBER_OBJECT_CONVERSION = YES_AGGRESSIVE;
				CLANG_CXX_LANGUAGE_STANDARD = "gnu++14";
				CLANG_CXX_LIBRARY = "libc++";
				CLANG_ENABLE_MODULES = YES;
				CLANG_ENABLE_OBJC_ARC = YES;
				CLANG_ENABLE_OBJC_WEAK = YES;
				CLANG_WARN_BLOCK_CAPTURE_AUTORELEASING = YES;
				CLANG_WARN_BOOL_CONVERSION = YES;
				CLANG_WARN_COMMA = YES;
				CLANG_WARN_CONSTANT_CONVERSION = YES;
				CLANG_WARN_DEPRECATED_OBJC_IMPLEMENTATIONS = YES;
				CLANG_WARN_DIRECT_OBJC_ISA_USAGE = YES_ERROR;
				CLANG_WARN_DOCUMENTATION_COMMENTS = YES;
				CLANG_WARN_EMPTY_BODY = YES;
				CLANG_WARN_ENUM_CONVERSION = YES;
				CLANG_WARN_INFINITE_RECURSION = YES;
				CLANG_WARN_INT_CONVERSION = YES;
				CLANG_WARN_NON_LITERAL_NULL_CONVERSION = YES;
				CLANG_WARN_OBJC_IMPLICIT_RETAIN_SELF = YES;
				CLANG_WARN_OBJC_LITERAL_CONVERSION = YES;
				CLANG_WARN_OBJC_ROOT_CLASS = YES_ERROR;
				CLANG_WARN_QUOTED_INCLUDE_IN_FRAMEWORK_HEADER = YES;
				CLANG_WARN_RANGE_LOOP_ANALYSIS = YES;
				CLANG_WARN_STRICT_PROTOTYPES = YES;
				CLANG_WARN_SUSPICIOUS_MOVE = YES;
				CLANG_WARN_UNGUARDED_AVAILABILITY = YES_AGGRESSIVE;
				CLANG_WARN_UNREACHABLE_CODE = YES;
				CLANG_WARN__DUPLICATE_METHOD_MATCH = YES;
				COPY_PHASE_STRIP = NO;
				DEBUG_INFORMATION_FORMAT = "dwarf-with-dsym";
				ENABLE_NS_ASSERTIONS = NO;
				ENABLE_STRICT_OBJC_MSGSEND = YES;
				GCC_C_LANGUAGE_STANDARD = gnu11;
				GCC_NO_COMMON_BLOCKS = YES;
				GCC_WARN_64_TO_32_BIT_CONVERSION = YES;
				GCC_WARN_ABOUT_RETURN_TYPE = YES_ERROR;
				GCC_WARN_UNDECLARED_SELECTOR = YES;
				GCC_WARN_UNINITIALIZED_AUTOS = YES_AGGRESSIVE;
				GCC_WARN_UNUSED_FUNCTION = YES;
				GCC_WARN_UNUSED_VARIABLE = YES;
				IPHONEOS_DEPLOYMENT_TARGET = 13.0;
				MTL_ENABLE_DEBUG_INFO = NO;
				MTL_FAST_MATH = YES;
				SDKROOT = iphoneos;
				SWIFT_COMPILATION_MODE = wholemodule;
				SWIFT_OPTIMIZATION_LEVEL = "-O";
				VALIDATE_PRODUCT = YES;
			};
			name = Release;
		};
		1004F33B26DE40320006CF78 /* Debug */ = {
			isa = XCBuildConfiguration;
			baseConfigurationReference = 8AF9CB9FF203BE8D27FDCD78 /* Pods-RippleRepositories.debug.xcconfig */;
			buildSettings = {
				ASSETCATALOG_COMPILER_APPICON_NAME = AppIcon;
				ASSETCATALOG_COMPILER_GLOBAL_ACCENT_COLOR_NAME = AccentColor;
				CODE_SIGN_STYLE = Automatic;
				DEVELOPMENT_TEAM = 6675BR2529;
				INFOPLIST_FILE = "RippleRepositories/Supporting Files/Info.plist";
				LD_RUNPATH_SEARCH_PATHS = (
					"$(inherited)",
					"@executable_path/Frameworks",
				);
				PRODUCT_BUNDLE_IDENTIFIER = ewaily.RippleRepositories;
				PRODUCT_NAME = "$(TARGET_NAME)";
				SWIFT_VERSION = 5.0;
				TARGETED_DEVICE_FAMILY = "1,2";
			};
			name = Debug;
		};
		1004F33C26DE40320006CF78 /* Release */ = {
			isa = XCBuildConfiguration;
			baseConfigurationReference = 28C777DED6FE4D1A7C71A8C3 /* Pods-RippleRepositories.release.xcconfig */;
			buildSettings = {
				ASSETCATALOG_COMPILER_APPICON_NAME = AppIcon;
				ASSETCATALOG_COMPILER_GLOBAL_ACCENT_COLOR_NAME = AccentColor;
				CODE_SIGN_STYLE = Automatic;
				DEVELOPMENT_TEAM = 6675BR2529;
				INFOPLIST_FILE = "RippleRepositories/Supporting Files/Info.plist";
				LD_RUNPATH_SEARCH_PATHS = (
					"$(inherited)",
					"@executable_path/Frameworks",
				);
				PRODUCT_BUNDLE_IDENTIFIER = ewaily.RippleRepositories;
				PRODUCT_NAME = "$(TARGET_NAME)";
				SWIFT_VERSION = 5.0;
				TARGETED_DEVICE_FAMILY = "1,2";
			};
			name = Release;
		};
		1004F33E26DE40320006CF78 /* Debug */ = {
			isa = XCBuildConfiguration;
			baseConfigurationReference = 35C582B12AEF9B67C55B783E /* Pods-RippleRepositoriesTests.debug.xcconfig */;
			buildSettings = {
				ALWAYS_EMBED_SWIFT_STANDARD_LIBRARIES = YES;
				BUNDLE_LOADER = "$(TEST_HOST)";
				CODE_SIGN_STYLE = Automatic;
				DEVELOPMENT_TEAM = 6675BR2529;
				INFOPLIST_FILE = RippleQueriesTests/Info.plist;
				IPHONEOS_DEPLOYMENT_TARGET = 14.5;
				LD_RUNPATH_SEARCH_PATHS = (
					"$(inherited)",
					"@executable_path/Frameworks",
					"@loader_path/Frameworks",
				);
				PRODUCT_BUNDLE_IDENTIFIER = ewaily.RippleQueriesTests;
				PRODUCT_NAME = "$(TARGET_NAME)";
				SWIFT_VERSION = 5.0;
				TARGETED_DEVICE_FAMILY = "1,2";
				TEST_HOST = "$(BUILT_PRODUCTS_DIR)/RippleRepositories.app/RippleRepositories";
			};
			name = Debug;
		};
		1004F33F26DE40320006CF78 /* Release */ = {
			isa = XCBuildConfiguration;
			baseConfigurationReference = D243A1E44B0E3212C92AF705 /* Pods-RippleRepositoriesTests.release.xcconfig */;
			buildSettings = {
				ALWAYS_EMBED_SWIFT_STANDARD_LIBRARIES = YES;
				BUNDLE_LOADER = "$(TEST_HOST)";
				CODE_SIGN_STYLE = Automatic;
				DEVELOPMENT_TEAM = 6675BR2529;
				INFOPLIST_FILE = RippleQueriesTests/Info.plist;
				IPHONEOS_DEPLOYMENT_TARGET = 14.5;
				LD_RUNPATH_SEARCH_PATHS = (
					"$(inherited)",
					"@executable_path/Frameworks",
					"@loader_path/Frameworks",
				);
				PRODUCT_BUNDLE_IDENTIFIER = ewaily.RippleQueriesTests;
				PRODUCT_NAME = "$(TARGET_NAME)";
				SWIFT_VERSION = 5.0;
				TARGETED_DEVICE_FAMILY = "1,2";
				TEST_HOST = "$(BUILT_PRODUCTS_DIR)/RippleRepositories.app/RippleRepositories";
			};
			name = Release;
		};
		1004F34126DE40320006CF78 /* Debug */ = {
			isa = XCBuildConfiguration;
			baseConfigurationReference = 7681E8CD8D95677676B035BB /* Pods-RippleRepositories-RippleRepositoriesUITests.debug.xcconfig */;
			buildSettings = {
				ALWAYS_EMBED_SWIFT_STANDARD_LIBRARIES = YES;
				CODE_SIGN_STYLE = Automatic;
				DEVELOPMENT_TEAM = 6675BR2529;
				INFOPLIST_FILE = RippleQueriesUITests/Info.plist;
				LD_RUNPATH_SEARCH_PATHS = (
					"$(inherited)",
					"@executable_path/Frameworks",
					"@loader_path/Frameworks",
				);
				PRODUCT_BUNDLE_IDENTIFIER = ewaily.RippleQueriesUITests;
				PRODUCT_NAME = "$(TARGET_NAME)";
				SWIFT_VERSION = 5.0;
				TARGETED_DEVICE_FAMILY = "1,2";
				TEST_TARGET_NAME = RippleQueries;
			};
			name = Debug;
		};
		1004F34226DE40320006CF78 /* Release */ = {
			isa = XCBuildConfiguration;
			baseConfigurationReference = 5EFC886856CE021CF02A90C8 /* Pods-RippleRepositories-RippleRepositoriesUITests.release.xcconfig */;
			buildSettings = {
				ALWAYS_EMBED_SWIFT_STANDARD_LIBRARIES = YES;
				CODE_SIGN_STYLE = Automatic;
				DEVELOPMENT_TEAM = 6675BR2529;
				INFOPLIST_FILE = RippleQueriesUITests/Info.plist;
				LD_RUNPATH_SEARCH_PATHS = (
					"$(inherited)",
					"@executable_path/Frameworks",
					"@loader_path/Frameworks",
				);
				PRODUCT_BUNDLE_IDENTIFIER = ewaily.RippleQueriesUITests;
				PRODUCT_NAME = "$(TARGET_NAME)";
				SWIFT_VERSION = 5.0;
				TARGETED_DEVICE_FAMILY = "1,2";
				TEST_TARGET_NAME = RippleQueries;
			};
			name = Release;
		};
/* End XCBuildConfiguration section */

/* Begin XCConfigurationList section */
		1004F30B26DE40310006CF78 /* Build configuration list for PBXProject "RippleRepositories" */ = {
			isa = XCConfigurationList;
			buildConfigurations = (
				1004F33826DE40320006CF78 /* Debug */,
				1004F33926DE40320006CF78 /* Release */,
			);
			defaultConfigurationIsVisible = 0;
			defaultConfigurationName = Release;
		};
		1004F33A26DE40320006CF78 /* Build configuration list for PBXNativeTarget "RippleRepositories" */ = {
			isa = XCConfigurationList;
			buildConfigurations = (
				1004F33B26DE40320006CF78 /* Debug */,
				1004F33C26DE40320006CF78 /* Release */,
			);
			defaultConfigurationIsVisible = 0;
			defaultConfigurationName = Release;
		};
		1004F33D26DE40320006CF78 /* Build configuration list for PBXNativeTarget "RippleRepositoriesTests" */ = {
			isa = XCConfigurationList;
			buildConfigurations = (
				1004F33E26DE40320006CF78 /* Debug */,
				1004F33F26DE40320006CF78 /* Release */,
			);
			defaultConfigurationIsVisible = 0;
			defaultConfigurationName = Release;
		};
		1004F34026DE40320006CF78 /* Build configuration list for PBXNativeTarget "RippleRepositoriesUITests" */ = {
			isa = XCConfigurationList;
			buildConfigurations = (
				1004F34126DE40320006CF78 /* Debug */,
				1004F34226DE40320006CF78 /* Release */,
			);
			defaultConfigurationIsVisible = 0;
			defaultConfigurationName = Release;
		};
/* End XCConfigurationList section */
	};
	rootObject = 1004F30826DE40310006CF78 /* Project object */;
}
